
Microsoft Visual Studio Solution File, Format Version 12.00
# Visual Studio Version 16
VisualStudioVersion = 25.0.1706.5
MinimumVisualStudioVersion = 10.0.40219.1
Project("{FAE04EC0-301F-11D3-BF4B-00C04F79EFBC}") = "kdzBabushkin", "kdzBabushkin\kdzBabushkin.csproj", "{475460BB-4E28-4D80-86F2-31E7274256FD}"
EndProject
Project("{2150E333-8FDC-42A3-9474-1A3956D46DE8}") = "Solution Items", "Solution Items", "{5C4B58AE-383E-4887-A28B-69B2C923C18B}"
	ProjectSection(SolutionItems) = preProject
		.editorconfig = .editorconfig
	EndProjectSection
EndProject
Global
	GlobalSection(SolutionConfigurationPlatforms) = preSolution
		Debug|Any CPU = Debug|Any CPU
		Release|Any CPU = Release|Any CPU
	EndGlobalSection
	GlobalSection(ProjectConfigurationPlatforms) = postSolution
		{475460BB-4E28-4D80-86F2-31E7274256FD}.Debug|Any CPU.ActiveCfg = Debug|Any CPU
		{475460BB-4E28-4D80-86F2-31E7274256FD}.Debug|Any CPU.Build.0 = Debug|Any CPU
		{475460BB-4E28-4D80-86F2-31E7274256FD}.Release|Any CPU.ActiveCfg = Release|Any CPU
		{475460BB-4E28-4D80-86F2-31E7274256FD}.Release|Any CPU.Build.0 = Release|Any CPU
	EndGlobalSection
	GlobalSection(SolutionProperties) = preSolution
		HideSolutionNode = FALSE
	EndGlobalSection
	GlobalSection(ExtensibilityGlobals) = postSolution
		SolutionGuid = {48D45A17-F67C-4F58-8652-DC54A943719D}
	EndGlobalSection
EndGlobal
