
Microsoft Visual Studio Solution File, Format Version 12.00
# Visual Studio Version 16
VisualStudioVersion = 25.0.1706.5
MinimumVisualStudioVersion = 10.0.40219.1
Project("{FAE04EC0-301F-11D3-BF4B-00C04F79EFBC}") = "Task1", "Task1.csproj", "{5371CB6E-F107-4EC0-B3FC-6F7CC1BD54A1}"
EndProject
Project("{FAE04EC0-301F-11D3-BF4B-00C04F79EFBC}") = "Task2", "..\Task2\Task2.csproj", "{A92143DB-D2BA-4312-832F-3AF5C329925F}"
EndProject
Global
	GlobalSection(SolutionConfigurationPlatforms) = preSolution
		Debug|Any CPU = Debug|Any CPU
		Release|Any CPU = Release|Any CPU
	EndGlobalSection
	GlobalSection(ProjectConfigurationPlatforms) = postSolution
		{5371CB6E-F107-4EC0-B3FC-6F7CC1BD54A1}.Debug|Any CPU.ActiveCfg = Debug|Any CPU
		{5371CB6E-F107-4EC0-B3FC-6F7CC1BD54A1}.Debug|Any CPU.Build.0 = Debug|Any CPU
		{5371CB6E-F107-4EC0-B3FC-6F7CC1BD54A1}.Release|Any CPU.ActiveCfg = Release|Any CPU
		{5371CB6E-F107-4EC0-B3FC-6F7CC1BD54A1}.Release|Any CPU.Build.0 = Release|Any CPU
		{A92143DB-D2BA-4312-832F-3AF5C329925F}.Debug|Any CPU.ActiveCfg = Debug|Any CPU
		{A92143DB-D2BA-4312-832F-3AF5C329925F}.Debug|Any CPU.Build.0 = Debug|Any CPU
		{A92143DB-D2BA-4312-832F-3AF5C329925F}.Release|Any CPU.ActiveCfg = Release|Any CPU
		{A92143DB-D2BA-4312-832F-3AF5C329925F}.Release|Any CPU.Build.0 = Release|Any CPU
	EndGlobalSection
	GlobalSection(SolutionProperties) = preSolution
		HideSolutionNode = FALSE
	EndGlobalSection
	GlobalSection(ExtensibilityGlobals) = postSolution
		SolutionGuid = {EEDB4F78-3E7B-4D34-B447-D0DC2CC7CA05}
	EndGlobalSection
EndGlobal
