
Microsoft Visual Studio Solution File, Format Version 12.00
# Visual Studio Version 16
VisualStudioVersion = 25.0.1706.5
MinimumVisualStudioVersion = 10.0.40219.1
Project("{FAE04EC0-301F-11D3-BF4B-00C04F79EFBC}") = "Task1", "Task1.csproj", "{5AB62027-D05B-4393-A581-5D1D5F684D29}"
EndProject
Global
	GlobalSection(SolutionConfigurationPlatforms) = preSolution
		Debug|Any CPU = Debug|Any CPU
		Release|Any CPU = Release|Any CPU
	EndGlobalSection
	GlobalSection(ProjectConfigurationPlatforms) = postSolution
		{5AB62027-D05B-4393-A581-5D1D5F684D29}.Debug|Any CPU.ActiveCfg = Debug|Any CPU
		{5AB62027-D05B-4393-A581-5D1D5F684D29}.Debug|Any CPU.Build.0 = Debug|Any CPU
		{5AB62027-D05B-4393-A581-5D1D5F684D29}.Release|Any CPU.ActiveCfg = Release|Any CPU
		{5AB62027-D05B-4393-A581-5D1D5F684D29}.Release|Any CPU.Build.0 = Release|Any CPU
	EndGlobalSection
	GlobalSection(SolutionProperties) = preSolution
		HideSolutionNode = FALSE
	EndGlobalSection
	GlobalSection(ExtensibilityGlobals) = postSolution
		SolutionGuid = {7EB785CB-F364-4BE2-9BCB-A12801E93A9A}
	EndGlobalSection
EndGlobal
